
Microsoft Visual Studio Solution File, Format Version 12.00
# Visual Studio Version 16
VisualStudioVersion = 16.0.30907.101
MinimumVisualStudioVersion = 10.0.40219.1
Project("{9A19103F-16F7-4668-BE54-9A1E7A4F7556}") = "Whatsdown-Authentication-Service", "Whatsdown-Authentication-Service.csproj", "{A170AC0D-85C1-4B10-80E2-4C8CF28DCB34}"
EndProject
Project("{9A19103F-16F7-4668-BE54-9A1E7A4F7556}") = "Whatdown-AuthTest", "Whatdown-AuthTest\Whatdown-AuthTest.csproj", "{77508935-D35F-4772-A120-2E74DED55E03}"
EndProject
Global
	GlobalSection(SolutionConfigurationPlatforms) = preSolution
		Debug|Any CPU = Debug|Any CPU
		Release|Any CPU = Release|Any CPU
	EndGlobalSection
	GlobalSection(ProjectConfigurationPlatforms) = postSolution
		{A170AC0D-85C1-4B10-80E2-4C8CF28DCB34}.Debug|Any CPU.ActiveCfg = Debug|Any CPU
		{A170AC0D-85C1-4B10-80E2-4C8CF28DCB34}.Debug|Any CPU.Build.0 = Debug|Any CPU
		{A170AC0D-85C1-4B10-80E2-4C8CF28DCB34}.Release|Any CPU.ActiveCfg = Release|Any CPU
		{A170AC0D-85C1-4B10-80E2-4C8CF28DCB34}.Release|Any CPU.Build.0 = Release|Any CPU
		{77508935-D35F-4772-A120-2E74DED55E03}.Debug|Any CPU.ActiveCfg = Debug|Any CPU
		{77508935-D35F-4772-A120-2E74DED55E03}.Debug|Any CPU.Build.0 = Debug|Any CPU
		{77508935-D35F-4772-A120-2E74DED55E03}.Release|Any CPU.ActiveCfg = Release|Any CPU
		{77508935-D35F-4772-A120-2E74DED55E03}.Release|Any CPU.Build.0 = Release|Any CPU
	EndGlobalSection
	GlobalSection(SolutionProperties) = preSolution
		HideSolutionNode = FALSE
	EndGlobalSection
	GlobalSection(ExtensibilityGlobals) = postSolution
		SolutionGuid = {219D99C5-D967-412C-B80A-5DFA9E3FAFFB}
	EndGlobalSection
EndGlobal
